// !$*UTF8*$!
{
	archiveVersion = 1;
	classes = {
	};
	objectVersion = 50;
	objects = {

/* Begin PBXBuildFile section */
		832A822ADBCCEAE8EAF3262B /* Pods_SingaporePowerUITests.framework in Frameworks */ = {isa = PBXBuildFile; fileRef = 6AC2F51325615004326450B1 /* Pods_SingaporePowerUITests.framework */; };
		B5992BE5289186D441ED9600 /* Pods_SingaporePowerTests.framework in Frameworks */ = {isa = PBXBuildFile; fileRef = 4AE3CA271E546CDB7171D38F /* Pods_SingaporePowerTests.framework */; };
		CEF8824F20824C0200DAAC2D /* UIView+BezierPaths.swift in Sources */ = {isa = PBXBuildFile; fileRef = CEF8824E20824C0200DAAC2D /* UIView+BezierPaths.swift */; };
		CEF882AD208272DD00DAAC2D /* SingaporePowerUITests.swift in Sources */ = {isa = PBXBuildFile; fileRef = CEF882AC208272DD00DAAC2D /* SingaporePowerUITests.swift */; };
		CEF882BB208272E500DAAC2D /* SingaporePowerTests.swift in Sources */ = {isa = PBXBuildFile; fileRef = CEF882BA208272E500DAAC2D /* SingaporePowerTests.swift */; };
		CEF882C92083217D00DAAC2D /* CustomMapView.swift in Sources */ = {isa = PBXBuildFile; fileRef = CEF882C32083217D00DAAC2D /* CustomMapView.swift */; };
		CEF882CA2083217D00DAAC2D /* CustomPopupView.xib in Resources */ = {isa = PBXBuildFile; fileRef = CEF882C52083217D00DAAC2D /* CustomPopupView.xib */; };
		CEF882CB2083217D00DAAC2D /* CustomPopupView.swift in Sources */ = {isa = PBXBuildFile; fileRef = CEF882C62083217D00DAAC2D /* CustomPopupView.swift */; };
		CEF882CC2083217D00DAAC2D /* VKAnnotationView.swift in Sources */ = {isa = PBXBuildFile; fileRef = CEF882C82083217D00DAAC2D /* VKAnnotationView.swift */; };
		CEF98D502081AD6500BF1448 /* Main.storyboard in Resources */ = {isa = PBXBuildFile; fileRef = CEF98D4E2081AD6500BF1448 /* Main.storyboard */; };
		CEF98D522081AD6700BF1448 /* Assets.xcassets in Resources */ = {isa = PBXBuildFile; fileRef = CEF98D512081AD6700BF1448 /* Assets.xcassets */; };
		CEF98D552081AD6700BF1448 /* LaunchScreen.storyboard in Resources */ = {isa = PBXBuildFile; fileRef = CEF98D532081AD6700BF1448 /* LaunchScreen.storyboard */; };
		CEF98D632081ADB600BF1448 /* AppDelegate.swift in Sources */ = {isa = PBXBuildFile; fileRef = CEF98D5D2081ADB500BF1448 /* AppDelegate.swift */; };
		CEF98D6B2081F1D800BF1448 /* CLAlertHandler.swift in Sources */ = {isa = PBXBuildFile; fileRef = CEF98D662081F1D800BF1448 /* CLAlertHandler.swift */; };
		CEF98D6C2081F1D800BF1448 /* Reachability.swift in Sources */ = {isa = PBXBuildFile; fileRef = CEF98D682081F1D800BF1448 /* Reachability.swift */; };
		CEF98D6D2081F1D800BF1448 /* NetworkHandler.swift in Sources */ = {isa = PBXBuildFile; fileRef = CEF98D692081F1D800BF1448 /* NetworkHandler.swift */; };
		CEF98D6E2081F1D800BF1448 /* Constants.swift in Sources */ = {isa = PBXBuildFile; fileRef = CEF98D6A2081F1D800BF1448 /* Constants.swift */; };
		CEF98D722081F49600BF1448 /* ViewController.swift in Sources */ = {isa = PBXBuildFile; fileRef = CEF98D702081F49600BF1448 /* ViewController.swift */; };
		CEF98D742081F4CD00BF1448 /* BaseViewController.swift in Sources */ = {isa = PBXBuildFile; fileRef = CEF98D732081F4CD00BF1448 /* BaseViewController.swift */; };
		CEF98D772081FB6B00BF1448 /* CLDateHandler.swift in Sources */ = {isa = PBXBuildFile; fileRef = CEF98D762081FB6B00BF1448 /* CLDateHandler.swift */; };
		CEF98D792081FD7D00BF1448 /* PSIModel.swift in Sources */ = {isa = PBXBuildFile; fileRef = CEF98D782081FD7D00BF1448 /* PSIModel.swift */; };
		CEF98D7B2082239700BF1448 /* PSIDetail.swift in Sources */ = {isa = PBXBuildFile; fileRef = CEF98D7A2082239700BF1448 /* PSIDetail.swift */; };
		E86C24E9FB6F953353F5C780 /* Pods_SingaporePower.framework in Frameworks */ = {isa = PBXBuildFile; fileRef = FD53C26A0FF74077371852AB /* Pods_SingaporePower.framework */; };
/* End PBXBuildFile section */

/* Begin PBXContainerItemProxy section */
		CEF882AF208272DD00DAAC2D /* PBXContainerItemProxy */ = {
			isa = PBXContainerItemProxy;
			containerPortal = CEF98D3F2081AD6500BF1448 /* Project object */;
			proxyType = 1;
			remoteGlobalIDString = CEF98D462081AD6500BF1448;
			remoteInfo = SingaporePower;
		};
		CEF882BD208272E500DAAC2D /* PBXContainerItemProxy */ = {
			isa = PBXContainerItemProxy;
			containerPortal = CEF98D3F2081AD6500BF1448 /* Project object */;
			proxyType = 1;
			remoteGlobalIDString = CEF98D462081AD6500BF1448;
			remoteInfo = SingaporePower;
		};
/* End PBXContainerItemProxy section */

/* Begin PBXFileReference section */
		4AE3CA271E546CDB7171D38F /* Pods_SingaporePowerTests.framework */ = {isa = PBXFileReference; explicitFileType = wrapper.framework; includeInIndex = 0; path = Pods_SingaporePowerTests.framework; sourceTree = BUILT_PRODUCTS_DIR; };
		53CABEF4769B4BC6BFC441DE /* Pods-SingaporePowerUITests.debug.xcconfig */ = {isa = PBXFileReference; includeInIndex = 1; lastKnownFileType = text.xcconfig; name = "Pods-SingaporePowerUITests.debug.xcconfig"; path = "Pods/Target Support Files/Pods-SingaporePowerUITests/Pods-SingaporePowerUITests.debug.xcconfig"; sourceTree = "<group>"; };
		6AC2F51325615004326450B1 /* Pods_SingaporePowerUITests.framework */ = {isa = PBXFileReference; explicitFileType = wrapper.framework; includeInIndex = 0; path = Pods_SingaporePowerUITests.framework; sourceTree = BUILT_PRODUCTS_DIR; };
		7FCC96D0BB2F71B2B6BDE109 /* Pods-SingaporePower.release.xcconfig */ = {isa = PBXFileReference; includeInIndex = 1; lastKnownFileType = text.xcconfig; name = "Pods-SingaporePower.release.xcconfig"; path = "Pods/Target Support Files/Pods-SingaporePower/Pods-SingaporePower.release.xcconfig"; sourceTree = "<group>"; };
		9C8A130EFA3247EE35079B94 /* Pods-SingaporePower.debug.xcconfig */ = {isa = PBXFileReference; includeInIndex = 1; lastKnownFileType = text.xcconfig; name = "Pods-SingaporePower.debug.xcconfig"; path = "Pods/Target Support Files/Pods-SingaporePower/Pods-SingaporePower.debug.xcconfig"; sourceTree = "<group>"; };
		A2D24346B4765658AF76CCF2 /* Pods-SingaporePowerUITests.release.xcconfig */ = {isa = PBXFileReference; includeInIndex = 1; lastKnownFileType = text.xcconfig; name = "Pods-SingaporePowerUITests.release.xcconfig"; path = "Pods/Target Support Files/Pods-SingaporePowerUITests/Pods-SingaporePowerUITests.release.xcconfig"; sourceTree = "<group>"; };
		B20C40E18F8262CEAC5BE1E4 /* Pods-SingaporePowerTests.debug.xcconfig */ = {isa = PBXFileReference; includeInIndex = 1; lastKnownFileType = text.xcconfig; name = "Pods-SingaporePowerTests.debug.xcconfig"; path = "Pods/Target Support Files/Pods-SingaporePowerTests/Pods-SingaporePowerTests.debug.xcconfig"; sourceTree = "<group>"; };
		CEF8824E20824C0200DAAC2D /* UIView+BezierPaths.swift */ = {isa = PBXFileReference; fileEncoding = 4; lastKnownFileType = sourcecode.swift; path = "UIView+BezierPaths.swift"; sourceTree = "<group>"; };
		CEF882AA208272DD00DAAC2D /* SingaporePowerUITests.xctest */ = {isa = PBXFileReference; explicitFileType = wrapper.cfbundle; includeInIndex = 0; path = SingaporePowerUITests.xctest; sourceTree = BUILT_PRODUCTS_DIR; };
		CEF882AC208272DD00DAAC2D /* SingaporePowerUITests.swift */ = {isa = PBXFileReference; lastKnownFileType = sourcecode.swift; path = SingaporePowerUITests.swift; sourceTree = "<group>"; };
		CEF882AE208272DD00DAAC2D /* Info.plist */ = {isa = PBXFileReference; lastKnownFileType = text.plist.xml; path = Info.plist; sourceTree = "<group>"; };
		CEF882B8208272E500DAAC2D /* SingaporePowerTests.xctest */ = {isa = PBXFileReference; explicitFileType = wrapper.cfbundle; includeInIndex = 0; path = SingaporePowerTests.xctest; sourceTree = BUILT_PRODUCTS_DIR; };
		CEF882BA208272E500DAAC2D /* SingaporePowerTests.swift */ = {isa = PBXFileReference; lastKnownFileType = sourcecode.swift; path = SingaporePowerTests.swift; sourceTree = "<group>"; };
		CEF882BC208272E500DAAC2D /* Info.plist */ = {isa = PBXFileReference; lastKnownFileType = text.plist.xml; path = Info.plist; sourceTree = "<group>"; };
		CEF882C32083217D00DAAC2D /* CustomMapView.swift */ = {isa = PBXFileReference; fileEncoding = 4; lastKnownFileType = sourcecode.swift; path = CustomMapView.swift; sourceTree = "<group>"; };
		CEF882C52083217D00DAAC2D /* CustomPopupView.xib */ = {isa = PBXFileReference; fileEncoding = 4; lastKnownFileType = file.xib; path = CustomPopupView.xib; sourceTree = "<group>"; };
		CEF882C62083217D00DAAC2D /* CustomPopupView.swift */ = {isa = PBXFileReference; fileEncoding = 4; lastKnownFileType = sourcecode.swift; path = CustomPopupView.swift; sourceTree = "<group>"; };
		CEF882C82083217D00DAAC2D /* VKAnnotationView.swift */ = {isa = PBXFileReference; fileEncoding = 4; lastKnownFileType = sourcecode.swift; path = VKAnnotationView.swift; sourceTree = "<group>"; };
		CEF98D472081AD6500BF1448 /* SingaporePower.app */ = {isa = PBXFileReference; explicitFileType = wrapper.application; includeInIndex = 0; path = SingaporePower.app; sourceTree = BUILT_PRODUCTS_DIR; };
		CEF98D4F2081AD6500BF1448 /* Base */ = {isa = PBXFileReference; lastKnownFileType = file.storyboard; name = Base; path = Base.lproj/Main.storyboard; sourceTree = "<group>"; };
		CEF98D512081AD6700BF1448 /* Assets.xcassets */ = {isa = PBXFileReference; lastKnownFileType = folder.assetcatalog; path = Assets.xcassets; sourceTree = "<group>"; };
		CEF98D542081AD6700BF1448 /* Base */ = {isa = PBXFileReference; lastKnownFileType = file.storyboard; name = Base; path = Base.lproj/LaunchScreen.storyboard; sourceTree = "<group>"; };
		CEF98D562081AD6700BF1448 /* Info.plist */ = {isa = PBXFileReference; lastKnownFileType = text.plist.xml; path = Info.plist; sourceTree = "<group>"; };
		CEF98D5D2081ADB500BF1448 /* AppDelegate.swift */ = {isa = PBXFileReference; fileEncoding = 4; lastKnownFileType = sourcecode.swift; path = AppDelegate.swift; sourceTree = "<group>"; };
		CEF98D662081F1D800BF1448 /* CLAlertHandler.swift */ = {isa = PBXFileReference; fileEncoding = 4; lastKnownFileType = sourcecode.swift; path = CLAlertHandler.swift; sourceTree = "<group>"; };
		CEF98D682081F1D800BF1448 /* Reachability.swift */ = {isa = PBXFileReference; fileEncoding = 4; lastKnownFileType = sourcecode.swift; path = Reachability.swift; sourceTree = "<group>"; };
		CEF98D692081F1D800BF1448 /* NetworkHandler.swift */ = {isa = PBXFileReference; fileEncoding = 4; lastKnownFileType = sourcecode.swift; path = NetworkHandler.swift; sourceTree = "<group>"; };
		CEF98D6A2081F1D800BF1448 /* Constants.swift */ = {isa = PBXFileReference; fileEncoding = 4; lastKnownFileType = sourcecode.swift; path = Constants.swift; sourceTree = "<group>"; };
		CEF98D702081F49600BF1448 /* ViewController.swift */ = {isa = PBXFileReference; fileEncoding = 4; lastKnownFileType = sourcecode.swift; path = ViewController.swift; sourceTree = "<group>"; };
		CEF98D732081F4CD00BF1448 /* BaseViewController.swift */ = {isa = PBXFileReference; lastKnownFileType = sourcecode.swift; path = BaseViewController.swift; sourceTree = "<group>"; };
		CEF98D762081FB6B00BF1448 /* CLDateHandler.swift */ = {isa = PBXFileReference; fileEncoding = 4; lastKnownFileType = sourcecode.swift; path = CLDateHandler.swift; sourceTree = "<group>"; };
		CEF98D782081FD7D00BF1448 /* PSIModel.swift */ = {isa = PBXFileReference; lastKnownFileType = sourcecode.swift; path = PSIModel.swift; sourceTree = "<group>"; };
		CEF98D7A2082239700BF1448 /* PSIDetail.swift */ = {isa = PBXFileReference; lastKnownFileType = sourcecode.swift; path = PSIDetail.swift; sourceTree = "<group>"; };
		E080A4F38D7219025798CAF6 /* Pods-SingaporePowerTests.release.xcconfig */ = {isa = PBXFileReference; includeInIndex = 1; lastKnownFileType = text.xcconfig; name = "Pods-SingaporePowerTests.release.xcconfig"; path = "Pods/Target Support Files/Pods-SingaporePowerTests/Pods-SingaporePowerTests.release.xcconfig"; sourceTree = "<group>"; };
		FD53C26A0FF74077371852AB /* Pods_SingaporePower.framework */ = {isa = PBXFileReference; explicitFileType = wrapper.framework; includeInIndex = 0; path = Pods_SingaporePower.framework; sourceTree = BUILT_PRODUCTS_DIR; };
/* End PBXFileReference section */

/* Begin PBXFrameworksBuildPhase section */
		CEF882A7208272DD00DAAC2D /* Frameworks */ = {
			isa = PBXFrameworksBuildPhase;
			buildActionMask = 2147483647;
			files = (
				832A822ADBCCEAE8EAF3262B /* Pods_SingaporePowerUITests.framework in Frameworks */,
			);
			runOnlyForDeploymentPostprocessing = 0;
		};
		CEF882B5208272E500DAAC2D /* Frameworks */ = {
			isa = PBXFrameworksBuildPhase;
			buildActionMask = 2147483647;
			files = (
				B5992BE5289186D441ED9600 /* Pods_SingaporePowerTests.framework in Frameworks */,
			);
			runOnlyForDeploymentPostprocessing = 0;
		};
		CEF98D442081AD6500BF1448 /* Frameworks */ = {
			isa = PBXFrameworksBuildPhase;
			buildActionMask = 2147483647;
			files = (
				E86C24E9FB6F953353F5C780 /* Pods_SingaporePower.framework in Frameworks */,
			);
			runOnlyForDeploymentPostprocessing = 0;
		};
/* End PBXFrameworksBuildPhase section */

/* Begin PBXGroup section */
		67B61593122E86C712877839 /* Pods */ = {
			isa = PBXGroup;
			children = (
				9C8A130EFA3247EE35079B94 /* Pods-SingaporePower.debug.xcconfig */,
				7FCC96D0BB2F71B2B6BDE109 /* Pods-SingaporePower.release.xcconfig */,
				B20C40E18F8262CEAC5BE1E4 /* Pods-SingaporePowerTests.debug.xcconfig */,
				E080A4F38D7219025798CAF6 /* Pods-SingaporePowerTests.release.xcconfig */,
				53CABEF4769B4BC6BFC441DE /* Pods-SingaporePowerUITests.debug.xcconfig */,
				A2D24346B4765658AF76CCF2 /* Pods-SingaporePowerUITests.release.xcconfig */,
			);
			name = Pods;
			sourceTree = "<group>";
		};
		CEF8824D20824BF500DAAC2D /* Category And Extension */ = {
			isa = PBXGroup;
			children = (
				CEF8824E20824C0200DAAC2D /* UIView+BezierPaths.swift */,
			);
			path = "Category And Extension";
			sourceTree = "<group>";
		};
		CEF882AB208272DD00DAAC2D /* SingaporePowerUITests */ = {
			isa = PBXGroup;
			children = (
				CEF882AC208272DD00DAAC2D /* SingaporePowerUITests.swift */,
				CEF882AE208272DD00DAAC2D /* Info.plist */,
			);
			path = SingaporePowerUITests;
			sourceTree = "<group>";
		};
		CEF882B9208272E500DAAC2D /* SingaporePowerTests */ = {
			isa = PBXGroup;
			children = (
				CEF882BA208272E500DAAC2D /* SingaporePowerTests.swift */,
				CEF882BC208272E500DAAC2D /* Info.plist */,
			);
			path = SingaporePowerTests;
			sourceTree = "<group>";
		};
		CEF882C22083217D00DAAC2D /* MapView */ = {
			isa = PBXGroup;
			children = (
				CEF882C32083217D00DAAC2D /* CustomMapView.swift */,
			);
			path = MapView;
			sourceTree = "<group>";
		};
		CEF882C42083217D00DAAC2D /* PopupView */ = {
			isa = PBXGroup;
			children = (
				CEF882C62083217D00DAAC2D /* CustomPopupView.swift */,
				CEF882C52083217D00DAAC2D /* CustomPopupView.xib */,
			);
			path = PopupView;
			sourceTree = "<group>";
		};
		CEF882C72083217D00DAAC2D /* AnotationView */ = {
			isa = PBXGroup;
			children = (
				CEF882C82083217D00DAAC2D /* VKAnnotationView.swift */,
			);
			path = AnotationView;
			sourceTree = "<group>";
		};
		CEF98D3E2081AD6500BF1448 = {
			isa = PBXGroup;
			children = (
				CEF98D492081AD6500BF1448 /* SingaporePower */,
				CEF882AB208272DD00DAAC2D /* SingaporePowerUITests */,
				CEF882B9208272E500DAAC2D /* SingaporePowerTests */,
				CEF98D482081AD6500BF1448 /* Products */,
				67B61593122E86C712877839 /* Pods */,
				F01BF4422F30D1215536F7E3 /* Frameworks */,
			);
			sourceTree = "<group>";
		};
		CEF98D482081AD6500BF1448 /* Products */ = {
			isa = PBXGroup;
			children = (
				CEF98D472081AD6500BF1448 /* SingaporePower.app */,
				CEF882AA208272DD00DAAC2D /* SingaporePowerUITests.xctest */,
				CEF882B8208272E500DAAC2D /* SingaporePowerTests.xctest */,
			);
			name = Products;
			sourceTree = "<group>";
		};
		CEF98D492081AD6500BF1448 /* SingaporePower */ = {
			isa = PBXGroup;
			children = (
				CEF98D5C2081ADB500BF1448 /* AppDelegate */,
				CEF98D602081ADB600BF1448 /* ViewController */,
				CEF98D5F2081ADB500BF1448 /* Views */,
				CEF98D5E2081ADB500BF1448 /* Models */,
				CEF98D622081ADB600BF1448 /* Helpers */,
				CEF98D4E2081AD6500BF1448 /* Main.storyboard */,
				CEF98D512081AD6700BF1448 /* Assets.xcassets */,
				CEF98D532081AD6700BF1448 /* LaunchScreen.storyboard */,
				CEF98D562081AD6700BF1448 /* Info.plist */,
			);
			path = SingaporePower;
			sourceTree = "<group>";
		};
		CEF98D5C2081ADB500BF1448 /* AppDelegate */ = {
			isa = PBXGroup;
			children = (
				CEF98D5D2081ADB500BF1448 /* AppDelegate.swift */,
			);
			path = AppDelegate;
			sourceTree = "<group>";
		};
		CEF98D5E2081ADB500BF1448 /* Models */ = {
			isa = PBXGroup;
			children = (
				CEF98D782081FD7D00BF1448 /* PSIModel.swift */,
				CEF98D7A2082239700BF1448 /* PSIDetail.swift */,
			);
			path = Models;
			sourceTree = "<group>";
		};
		CEF98D5F2081ADB500BF1448 /* Views */ = {
			isa = PBXGroup;
			children = (
				CEF882C72083217D00DAAC2D /* AnotationView */,
				CEF882C22083217D00DAAC2D /* MapView */,
				CEF882C42083217D00DAAC2D /* PopupView */,
			);
			path = Views;
			sourceTree = "<group>";
		};
		CEF98D602081ADB600BF1448 /* ViewController */ = {
			isa = PBXGroup;
			children = (
				CEF98D712081F49600BF1448 /* Base */,
				CEF98D6F2081F49600BF1448 /* Home */,
			);
			path = ViewController;
			sourceTree = "<group>";
		};
		CEF98D622081ADB600BF1448 /* Helpers */ = {
			isa = PBXGroup;
			children = (
				CEF8824D20824BF500DAAC2D /* Category And Extension */,
				CEF98D752081FB6B00BF1448 /* DateFormatter */,
				CEF98D652081F1D800BF1448 /* AlertHandler */,
				CEF98D6A2081F1D800BF1448 /* Constants.swift */,
				CEF98D672081F1D800BF1448 /* NetowrkHandler */,
			);
			path = Helpers;
			sourceTree = "<group>";
		};
		CEF98D652081F1D800BF1448 /* AlertHandler */ = {
			isa = PBXGroup;
			children = (
				CEF98D662081F1D800BF1448 /* CLAlertHandler.swift */,
			);
			path = AlertHandler;
			sourceTree = "<group>";
		};
		CEF98D672081F1D800BF1448 /* NetowrkHandler */ = {
			isa = PBXGroup;
			children = (
				CEF98D682081F1D800BF1448 /* Reachability.swift */,
				CEF98D692081F1D800BF1448 /* NetworkHandler.swift */,
			);
			path = NetowrkHandler;
			sourceTree = "<group>";
		};
		CEF98D6F2081F49600BF1448 /* Home */ = {
			isa = PBXGroup;
			children = (
				CEF98D702081F49600BF1448 /* ViewController.swift */,
			);
			path = Home;
			sourceTree = "<group>";
		};
		CEF98D712081F49600BF1448 /* Base */ = {
			isa = PBXGroup;
			children = (
				CEF98D732081F4CD00BF1448 /* BaseViewController.swift */,
			);
			path = Base;
			sourceTree = "<group>";
		};
		CEF98D752081FB6B00BF1448 /* DateFormatter */ = {
			isa = PBXGroup;
			children = (
				CEF98D762081FB6B00BF1448 /* CLDateHandler.swift */,
			);
			path = DateFormatter;
			sourceTree = "<group>";
		};
		F01BF4422F30D1215536F7E3 /* Frameworks */ = {
			isa = PBXGroup;
			children = (
				FD53C26A0FF74077371852AB /* Pods_SingaporePower.framework */,
				4AE3CA271E546CDB7171D38F /* Pods_SingaporePowerTests.framework */,
				6AC2F51325615004326450B1 /* Pods_SingaporePowerUITests.framework */,
			);
			name = Frameworks;
			sourceTree = "<group>";
		};
/* End PBXGroup section */

/* Begin PBXNativeTarget section */
		CEF882A9208272DD00DAAC2D /* SingaporePowerUITests */ = {
			isa = PBXNativeTarget;
			buildConfigurationList = CEF882B1208272DD00DAAC2D /* Build configuration list for PBXNativeTarget "SingaporePowerUITests" */;
			buildPhases = (
				DD04BD2843FBACF93375006A /* [CP] Check Pods Manifest.lock */,
				CEF882A6208272DD00DAAC2D /* Sources */,
				CEF882A7208272DD00DAAC2D /* Frameworks */,
				CEF882A8208272DD00DAAC2D /* Resources */,
				75E66B5BD8CE57D7C60D1FD1 /* [CP] Embed Pods Frameworks */,
			);
			buildRules = (
			);
			dependencies = (
				CEF882B0208272DD00DAAC2D /* PBXTargetDependency */,
			);
			name = SingaporePowerUITests;
			productName = SingaporePowerUITests;
			productReference = CEF882AA208272DD00DAAC2D /* SingaporePowerUITests.xctest */;
			productType = "com.apple.product-type.bundle.ui-testing";
		};
		CEF882B7208272E500DAAC2D /* SingaporePowerTests */ = {
			isa = PBXNativeTarget;
			buildConfigurationList = CEF882BF208272E500DAAC2D /* Build configuration list for PBXNativeTarget "SingaporePowerTests" */;
			buildPhases = (
				02489AB228422212F62942BF /* [CP] Check Pods Manifest.lock */,
				CEF882B4208272E500DAAC2D /* Sources */,
				CEF882B5208272E500DAAC2D /* Frameworks */,
				CEF882B6208272E500DAAC2D /* Resources */,
				3BB54C6FF73E47047D1BC58A /* [CP] Embed Pods Frameworks */,
			);
			buildRules = (
			);
			dependencies = (
				CEF882BE208272E500DAAC2D /* PBXTargetDependency */,
			);
			name = SingaporePowerTests;
			productName = SingaporePowerTests;
			productReference = CEF882B8208272E500DAAC2D /* SingaporePowerTests.xctest */;
			productType = "com.apple.product-type.bundle.unit-test";
		};
		CEF98D462081AD6500BF1448 /* SingaporePower */ = {
			isa = PBXNativeTarget;
			buildConfigurationList = CEF98D592081AD6700BF1448 /* Build configuration list for PBXNativeTarget "SingaporePower" */;
			buildPhases = (
				FD3A96C5DB9E31C4393E6A72 /* [CP] Check Pods Manifest.lock */,
				CEF98D432081AD6500BF1448 /* Sources */,
				CEF98D442081AD6500BF1448 /* Frameworks */,
				CEF98D452081AD6500BF1448 /* Resources */,
				399B05BE0C0A234DAE0C9E17 /* [CP] Embed Pods Frameworks */,
			);
			buildRules = (
			);
			dependencies = (
			);
			name = SingaporePower;
			productName = SingaporePower;
			productReference = CEF98D472081AD6500BF1448 /* SingaporePower.app */;
			productType = "com.apple.product-type.application";
		};
/* End PBXNativeTarget section */

/* Begin PBXProject section */
		CEF98D3F2081AD6500BF1448 /* Project object */ = {
			isa = PBXProject;
			attributes = {
				LastSwiftUpdateCheck = 0930;
				LastUpgradeCheck = 0930;
				ORGANIZATIONNAME = VK;
				TargetAttributes = {
					CEF882A9208272DD00DAAC2D = {
						CreatedOnToolsVersion = 9.3;
						TestTargetID = CEF98D462081AD6500BF1448;
					};
					CEF882B7208272E500DAAC2D = {
						CreatedOnToolsVersion = 9.3;
						TestTargetID = CEF98D462081AD6500BF1448;
					};
					CEF98D462081AD6500BF1448 = {
						CreatedOnToolsVersion = 9.3;
					};
				};
			};
			buildConfigurationList = CEF98D422081AD6500BF1448 /* Build configuration list for PBXProject "SingaporePower" */;
			compatibilityVersion = "Xcode 9.3";
			developmentRegion = en;
			hasScannedForEncodings = 0;
			knownRegions = (
				en,
				Base,
			);
			mainGroup = CEF98D3E2081AD6500BF1448;
			productRefGroup = CEF98D482081AD6500BF1448 /* Products */;
			projectDirPath = "";
			projectRoot = "";
			targets = (
				CEF98D462081AD6500BF1448 /* SingaporePower */,
				CEF882A9208272DD00DAAC2D /* SingaporePowerUITests */,
				CEF882B7208272E500DAAC2D /* SingaporePowerTests */,
			);
		};
/* End PBXProject section */

/* Begin PBXResourcesBuildPhase section */
		CEF882A8208272DD00DAAC2D /* Resources */ = {
			isa = PBXResourcesBuildPhase;
			buildActionMask = 2147483647;
			files = (
			);
			runOnlyForDeploymentPostprocessing = 0;
		};
		CEF882B6208272E500DAAC2D /* Resources */ = {
			isa = PBXResourcesBuildPhase;
			buildActionMask = 2147483647;
			files = (
			);
			runOnlyForDeploymentPostprocessing = 0;
		};
		CEF98D452081AD6500BF1448 /* Resources */ = {
			isa = PBXResourcesBuildPhase;
			buildActionMask = 2147483647;
			files = (
				CEF98D552081AD6700BF1448 /* LaunchScreen.storyboard in Resources */,
				CEF98D522081AD6700BF1448 /* Assets.xcassets in Resources */,
				CEF882CA2083217D00DAAC2D /* CustomPopupView.xib in Resources */,
				CEF98D502081AD6500BF1448 /* Main.storyboard in Resources */,
			);
			runOnlyForDeploymentPostprocessing = 0;
		};
/* End PBXResourcesBuildPhase section */

/* Begin PBXShellScriptBuildPhase section */
		02489AB228422212F62942BF /* [CP] Check Pods Manifest.lock */ = {
			isa = PBXShellScriptBuildPhase;
			buildActionMask = 2147483647;
			files = (
			);
			inputPaths = (
				"${PODS_PODFILE_DIR_PATH}/Podfile.lock",
				"${PODS_ROOT}/Manifest.lock",
			);
			name = "[CP] Check Pods Manifest.lock";
			outputPaths = (
				"$(DERIVED_FILE_DIR)/Pods-SingaporePowerTests-checkManifestLockResult.txt",
			);
			runOnlyForDeploymentPostprocessing = 0;
			shellPath = /bin/sh;
			shellScript = "diff \"${PODS_PODFILE_DIR_PATH}/Podfile.lock\" \"${PODS_ROOT}/Manifest.lock\" > /dev/null\nif [ $? != 0 ] ; then\n    # print error to STDERR\n    echo \"error: The sandbox is not in sync with the Podfile.lock. Run 'pod install' or update your CocoaPods installation.\" >&2\n    exit 1\nfi\n# This output is used by Xcode 'outputs' to avoid re-running this script phase.\necho \"SUCCESS\" > \"${SCRIPT_OUTPUT_FILE_0}\"\n";
			showEnvVarsInLog = 0;
		};
		399B05BE0C0A234DAE0C9E17 /* [CP] Embed Pods Frameworks */ = {
			isa = PBXShellScriptBuildPhase;
			buildActionMask = 2147483647;
			files = (
			);
			inputPaths = (
				"${SRCROOT}/Pods/Target Support Files/Pods-SingaporePower/Pods-SingaporePower-frameworks.sh",
				"${BUILT_PRODUCTS_DIR}/Alamofire/Alamofire.framework",
				"${BUILT_PRODUCTS_DIR}/PKHUD/PKHUD.framework",
			);
			name = "[CP] Embed Pods Frameworks";
			outputPaths = (
				"${TARGET_BUILD_DIR}/${FRAMEWORKS_FOLDER_PATH}/Alamofire.framework",
				"${TARGET_BUILD_DIR}/${FRAMEWORKS_FOLDER_PATH}/PKHUD.framework",
			);
			runOnlyForDeploymentPostprocessing = 0;
			shellPath = /bin/sh;
			shellScript = "\"${SRCROOT}/Pods/Target Support Files/Pods-SingaporePower/Pods-SingaporePower-frameworks.sh\"\n";
			showEnvVarsInLog = 0;
		};
		3BB54C6FF73E47047D1BC58A /* [CP] Embed Pods Frameworks */ = {
			isa = PBXShellScriptBuildPhase;
			buildActionMask = 2147483647;
			files = (
			);
			inputPaths = (
				"${SRCROOT}/Pods/Target Support Files/Pods-SingaporePowerTests/Pods-SingaporePowerTests-frameworks.sh",
				"${BUILT_PRODUCTS_DIR}/Nimble/Nimble.framework",
				"${BUILT_PRODUCTS_DIR}/Quick/Quick.framework",
			);
			name = "[CP] Embed Pods Frameworks";
			outputPaths = (
				"${TARGET_BUILD_DIR}/${FRAMEWORKS_FOLDER_PATH}/Nimble.framework",
				"${TARGET_BUILD_DIR}/${FRAMEWORKS_FOLDER_PATH}/Quick.framework",
			);
			runOnlyForDeploymentPostprocessing = 0;
			shellPath = /bin/sh;
			shellScript = "\"${SRCROOT}/Pods/Target Support Files/Pods-SingaporePowerTests/Pods-SingaporePowerTests-frameworks.sh\"\n";
			showEnvVarsInLog = 0;
		};
		75E66B5BD8CE57D7C60D1FD1 /* [CP] Embed Pods Frameworks */ = {
			isa = PBXShellScriptBuildPhase;
			buildActionMask = 2147483647;
			files = (
			);
			inputPaths = (
				"${SRCROOT}/Pods/Target Support Files/Pods-SingaporePowerUITests/Pods-SingaporePowerUITests-frameworks.sh",
				"${BUILT_PRODUCTS_DIR}/Nimble/Nimble.framework",
				"${BUILT_PRODUCTS_DIR}/Quick/Quick.framework",
			);
			name = "[CP] Embed Pods Frameworks";
			outputPaths = (
				"${TARGET_BUILD_DIR}/${FRAMEWORKS_FOLDER_PATH}/Nimble.framework",
				"${TARGET_BUILD_DIR}/${FRAMEWORKS_FOLDER_PATH}/Quick.framework",
			);
			runOnlyForDeploymentPostprocessing = 0;
			shellPath = /bin/sh;
			shellScript = "\"${SRCROOT}/Pods/Target Support Files/Pods-SingaporePowerUITests/Pods-SingaporePowerUITests-frameworks.sh\"\n";
			showEnvVarsInLog = 0;
		};
		DD04BD2843FBACF93375006A /* [CP] Check Pods Manifest.lock */ = {
			isa = PBXShellScriptBuildPhase;
			buildActionMask = 2147483647;
			files = (
			);
			inputPaths = (
				"${PODS_PODFILE_DIR_PATH}/Podfile.lock",
				"${PODS_ROOT}/Manifest.lock",
			);
			name = "[CP] Check Pods Manifest.lock";
			outputPaths = (
				"$(DERIVED_FILE_DIR)/Pods-SingaporePowerUITests-checkManifestLockResult.txt",
			);
			runOnlyForDeploymentPostprocessing = 0;
			shellPath = /bin/sh;
			shellScript = "diff \"${PODS_PODFILE_DIR_PATH}/Podfile.lock\" \"${PODS_ROOT}/Manifest.lock\" > /dev/null\nif [ $? != 0 ] ; then\n    # print error to STDERR\n    echo \"error: The sandbox is not in sync with the Podfile.lock. Run 'pod install' or update your CocoaPods installation.\" >&2\n    exit 1\nfi\n# This output is used by Xcode 'outputs' to avoid re-running this script phase.\necho \"SUCCESS\" > \"${SCRIPT_OUTPUT_FILE_0}\"\n";
			showEnvVarsInLog = 0;
		};
		FD3A96C5DB9E31C4393E6A72 /* [CP] Check Pods Manifest.lock */ = {
			isa = PBXShellScriptBuildPhase;
			buildActionMask = 2147483647;
			files = (
			);
			inputPaths = (
				"${PODS_PODFILE_DIR_PATH}/Podfile.lock",
				"${PODS_ROOT}/Manifest.lock",
			);
			name = "[CP] Check Pods Manifest.lock";
			outputPaths = (
				"$(DERIVED_FILE_DIR)/Pods-SingaporePower-checkManifestLockResult.txt",
			);
			runOnlyForDeploymentPostprocessing = 0;
			shellPath = /bin/sh;
			shellScript = "diff \"${PODS_PODFILE_DIR_PATH}/Podfile.lock\" \"${PODS_ROOT}/Manifest.lock\" > /dev/null\nif [ $? != 0 ] ; then\n    # print error to STDERR\n    echo \"error: The sandbox is not in sync with the Podfile.lock. Run 'pod install' or update your CocoaPods installation.\" >&2\n    exit 1\nfi\n# This output is used by Xcode 'outputs' to avoid re-running this script phase.\necho \"SUCCESS\" > \"${SCRIPT_OUTPUT_FILE_0}\"\n";
			showEnvVarsInLog = 0;
		};
/* End PBXShellScriptBuildPhase section */

/* Begin PBXSourcesBuildPhase section */
		CEF882A6208272DD00DAAC2D /* Sources */ = {
			isa = PBXSourcesBuildPhase;
			buildActionMask = 2147483647;
			files = (
				CEF882AD208272DD00DAAC2D /* SingaporePowerUITests.swift in Sources */,
			);
			runOnlyForDeploymentPostprocessing = 0;
		};
		CEF882B4208272E500DAAC2D /* Sources */ = {
			isa = PBXSourcesBuildPhase;
			buildActionMask = 2147483647;
			files = (
				CEF882BB208272E500DAAC2D /* SingaporePowerTests.swift in Sources */,
			);
			runOnlyForDeploymentPostprocessing = 0;
		};
		CEF98D432081AD6500BF1448 /* Sources */ = {
			isa = PBXSourcesBuildPhase;
			buildActionMask = 2147483647;
			files = (
				CEF8824F20824C0200DAAC2D /* UIView+BezierPaths.swift in Sources */,
				CEF98D722081F49600BF1448 /* ViewController.swift in Sources */,
				CEF882CC2083217D00DAAC2D /* VKAnnotationView.swift in Sources */,
				CEF882CB2083217D00DAAC2D /* CustomPopupView.swift in Sources */,
				CEF98D772081FB6B00BF1448 /* CLDateHandler.swift in Sources */,
				CEF98D632081ADB600BF1448 /* AppDelegate.swift in Sources */,
				CEF98D6C2081F1D800BF1448 /* Reachability.swift in Sources */,
				CEF98D6D2081F1D800BF1448 /* NetworkHandler.swift in Sources */,
				CEF882C92083217D00DAAC2D /* CustomMapView.swift in Sources */,
				CEF98D7B2082239700BF1448 /* PSIDetail.swift in Sources */,
				CEF98D6B2081F1D800BF1448 /* CLAlertHandler.swift in Sources */,
				CEF98D742081F4CD00BF1448 /* BaseViewController.swift in Sources */,
				CEF98D792081FD7D00BF1448 /* PSIModel.swift in Sources */,
				CEF98D6E2081F1D800BF1448 /* Constants.swift in Sources */,
			);
			runOnlyForDeploymentPostprocessing = 0;
		};
/* End PBXSourcesBuildPhase section */

/* Begin PBXTargetDependency section */
		CEF882B0208272DD00DAAC2D /* PBXTargetDependency */ = {
			isa = PBXTargetDependency;
			target = CEF98D462081AD6500BF1448 /* SingaporePower */;
			targetProxy = CEF882AF208272DD00DAAC2D /* PBXContainerItemProxy */;
		};
		CEF882BE208272E500DAAC2D /* PBXTargetDependency */ = {
			isa = PBXTargetDependency;
			target = CEF98D462081AD6500BF1448 /* SingaporePower */;
			targetProxy = CEF882BD208272E500DAAC2D /* PBXContainerItemProxy */;
		};
/* End PBXTargetDependency section */

/* Begin PBXVariantGroup section */
		CEF98D4E2081AD6500BF1448 /* Main.storyboard */ = {
			isa = PBXVariantGroup;
			children = (
				CEF98D4F2081AD6500BF1448 /* Base */,
			);
			name = Main.storyboard;
			sourceTree = "<group>";
		};
		CEF98D532081AD6700BF1448 /* LaunchScreen.storyboard */ = {
			isa = PBXVariantGroup;
			children = (
				CEF98D542081AD6700BF1448 /* Base */,
			);
			name = LaunchScreen.storyboard;
			sourceTree = "<group>";
		};
/* End PBXVariantGroup section */

/* Begin XCBuildConfiguration section */
		CEF882B2208272DD00DAAC2D /* Debug */ = {
			isa = XCBuildConfiguration;
			baseConfigurationReference = 53CABEF4769B4BC6BFC441DE /* Pods-SingaporePowerUITests.debug.xcconfig */;
			buildSettings = {
				CODE_SIGN_STYLE = Automatic;
				DEVELOPMENT_TEAM = 6C4569BGYW;
				INFOPLIST_FILE = SingaporePowerUITests/Info.plist;
				LD_RUNPATH_SEARCH_PATHS = (
					"$(inherited)",
					"@executable_path/Frameworks",
					"@loader_path/Frameworks",
				);
				PRODUCT_BUNDLE_IDENTIFIER = VK.SingaporePowerUITests;
				PRODUCT_NAME = "$(TARGET_NAME)";
				SWIFT_VERSION = 4.0;
				TARGETED_DEVICE_FAMILY = "1,2";
				TEST_TARGET_NAME = SingaporePower;
			};
			name = Debug;
		};
		CEF882B3208272DD00DAAC2D /* Release */ = {
			isa = XCBuildConfiguration;
			baseConfigurationReference = A2D24346B4765658AF76CCF2 /* Pods-SingaporePowerUITests.release.xcconfig */;
			buildSettings = {
				CODE_SIGN_STYLE = Automatic;
				DEVELOPMENT_TEAM = 6C4569BGYW;
				INFOPLIST_FILE = SingaporePowerUITests/Info.plist;
				LD_RUNPATH_SEARCH_PATHS = (
					"$(inherited)",
					"@executable_path/Frameworks",
					"@loader_path/Frameworks",
				);
				PRODUCT_BUNDLE_IDENTIFIER = VK.SingaporePowerUITests;
				PRODUCT_NAME = "$(TARGET_NAME)";
				SWIFT_VERSION = 4.0;
				TARGETED_DEVICE_FAMILY = "1,2";
				TEST_TARGET_NAME = SingaporePower;
			};
			name = Release;
		};
		CEF882C0208272E500DAAC2D /* Debug */ = {
			isa = XCBuildConfiguration;
			baseConfigurationReference = B20C40E18F8262CEAC5BE1E4 /* Pods-SingaporePowerTests.debug.xcconfig */;
			buildSettings = {
				BUNDLE_LOADER = "$(TEST_HOST)";
				CODE_SIGN_STYLE = Automatic;
				DEVELOPMENT_TEAM = 6C4569BGYW;
				INFOPLIST_FILE = SingaporePowerTests/Info.plist;
				LD_RUNPATH_SEARCH_PATHS = (
					"$(inherited)",
					"@executable_path/Frameworks",
					"@loader_path/Frameworks",
				);
				PRODUCT_BUNDLE_IDENTIFIER = VK.SingaporePowerTests;
				PRODUCT_NAME = "$(TARGET_NAME)";
				SWIFT_VERSION = 4.0;
				TARGETED_DEVICE_FAMILY = "1,2";
				TEST_HOST = "$(BUILT_PRODUCTS_DIR)/SingaporePower.app/SingaporePower";
			};
			name = Debug;
		};
		CEF882C1208272E500DAAC2D /* Release */ = {
			isa = XCBuildConfiguration;
			baseConfigurationReference = E080A4F38D7219025798CAF6 /* Pods-SingaporePowerTests.release.xcconfig */;
			buildSettings = {
				BUNDLE_LOADER = "$(TEST_HOST)";
				CODE_SIGN_STYLE = Automatic;
				DEVELOPMENT_TEAM = 6C4569BGYW;
				INFOPLIST_FILE = SingaporePowerTests/Info.plist;
				LD_RUNPATH_SEARCH_PATHS = (
					"$(inherited)",
					"@executable_path/Frameworks",
					"@loader_path/Frameworks",
				);
				PRODUCT_BUNDLE_IDENTIFIER = VK.SingaporePowerTests;
				PRODUCT_NAME = "$(TARGET_NAME)";
				SWIFT_VERSION = 4.0;
				TARGETED_DEVICE_FAMILY = "1,2";
				TEST_HOST = "$(BUILT_PRODUCTS_DIR)/SingaporePower.app/SingaporePower";
			};
			name = Release;
		};
		CEF98D572081AD6700BF1448 /* Debug */ = {
			isa = XCBuildConfiguration;
			buildSettings = {
				ALWAYS_SEARCH_USER_PATHS = NO;
				CLANG_ANALYZER_NONNULL = YES;
				CLANG_ANALYZER_NUMBER_OBJECT_CONVERSION = YES_AGGRESSIVE;
				CLANG_CXX_LANGUAGE_STANDARD = "gnu++14";
				CLANG_CXX_LIBRARY = "libc++";
				CLANG_ENABLE_MODULES = YES;
				CLANG_ENABLE_OBJC_ARC = YES;
				CLANG_ENABLE_OBJC_WEAK = YES;
				CLANG_WARN_BLOCK_CAPTURE_AUTORELEASING = YES;
				CLANG_WARN_BOOL_CONVERSION = YES;
				CLANG_WARN_COMMA = YES;
				CLANG_WARN_CONSTANT_CONVERSION = YES;
				CLANG_WARN_DEPRECATED_OBJC_IMPLEMENTATIONS = YES;
				CLANG_WARN_DIRECT_OBJC_ISA_USAGE = YES_ERROR;
				CLANG_WARN_DOCUMENTATION_COMMENTS = YES;
				CLANG_WARN_EMPTY_BODY = YES;
				CLANG_WARN_ENUM_CONVERSION = YES;
				CLANG_WARN_INFINITE_RECURSION = YES;
				CLANG_WARN_INT_CONVERSION = YES;
				CLANG_WARN_NON_LITERAL_NULL_CONVERSION = YES;
				CLANG_WARN_OBJC_IMPLICIT_RETAIN_SELF = YES;
				CLANG_WARN_OBJC_LITERAL_CONVERSION = YES;
				CLANG_WARN_OBJC_ROOT_CLASS = YES_ERROR;
				CLANG_WARN_RANGE_LOOP_ANALYSIS = YES;
				CLANG_WARN_STRICT_PROTOTYPES = YES;
				CLANG_WARN_SUSPICIOUS_MOVE = YES;
				CLANG_WARN_UNGUARDED_AVAILABILITY = YES_AGGRESSIVE;
				CLANG_WARN_UNREACHABLE_CODE = YES;
				CLANG_WARN__DUPLICATE_METHOD_MATCH = YES;
				CODE_SIGN_IDENTITY = "iPhone Developer";
				COPY_PHASE_STRIP = NO;
				DEBUG_INFORMATION_FORMAT = dwarf;
				ENABLE_STRICT_OBJC_MSGSEND = YES;
				ENABLE_TESTABILITY = YES;
				GCC_C_LANGUAGE_STANDARD = gnu11;
				GCC_DYNAMIC_NO_PIC = NO;
				GCC_NO_COMMON_BLOCKS = YES;
				GCC_OPTIMIZATION_LEVEL = 0;
				GCC_PREPROCESSOR_DEFINITIONS = (
					"DEBUG=1",
					"$(inherited)",
				);
				GCC_WARN_64_TO_32_BIT_CONVERSION = YES;
				GCC_WARN_ABOUT_RETURN_TYPE = YES_ERROR;
				GCC_WARN_UNDECLARED_SELECTOR = YES;
				GCC_WARN_UNINITIALIZED_AUTOS = YES_AGGRESSIVE;
				GCC_WARN_UNUSED_FUNCTION = YES;
				GCC_WARN_UNUSED_VARIABLE = YES;
				IPHONEOS_DEPLOYMENT_TARGET = 11.3;
				MTL_ENABLE_DEBUG_INFO = YES;
				ONLY_ACTIVE_ARCH = YES;
				SDKROOT = iphoneos;
				SWIFT_ACTIVE_COMPILATION_CONDITIONS = DEBUG;
				SWIFT_OPTIMIZATION_LEVEL = "-Onone";
			};
			name = Debug;
		};
		CEF98D582081AD6700BF1448 /* Release */ = {
			isa = XCBuildConfiguration;
			buildSettings = {
				ALWAYS_SEARCH_USER_PATHS = NO;
				CLANG_ANALYZER_NONNULL = YES;
				CLANG_ANALYZER_NUMBER_OBJECT_CONVERSION = YES_AGGRESSIVE;
				CLANG_CXX_LANGUAGE_STANDARD = "gnu++14";
				CLANG_CXX_LIBRARY = "libc++";
				CLANG_ENABLE_MODULES = YES;
				CLANG_ENABLE_OBJC_ARC = YES;
				CLANG_ENABLE_OBJC_WEAK = YES;
				CLANG_WARN_BLOCK_CAPTURE_AUTORELEASING = YES;
				CLANG_WARN_BOOL_CONVERSION = YES;
				CLANG_WARN_COMMA = YES;
				CLANG_WARN_CONSTANT_CONVERSION = YES;
				CLANG_WARN_DEPRECATED_OBJC_IMPLEMENTATIONS = YES;
				CLANG_WARN_DIRECT_OBJC_ISA_USAGE = YES_ERROR;
				CLANG_WARN_DOCUMENTATION_COMMENTS = YES;
				CLANG_WARN_EMPTY_BODY = YES;
				CLANG_WARN_ENUM_CONVERSION = YES;
				CLANG_WARN_INFINITE_RECURSION = YES;
				CLANG_WARN_INT_CONVERSION = YES;
				CLANG_WARN_NON_LITERAL_NULL_CONVERSION = YES;
				CLANG_WARN_OBJC_IMPLICIT_RETAIN_SELF = YES;
				CLANG_WARN_OBJC_LITERAL_CONVERSION = YES;
				CLANG_WARN_OBJC_ROOT_CLASS = YES_ERROR;
				CLANG_WARN_RANGE_LOOP_ANALYSIS = YES;
				CLANG_WARN_STRICT_PROTOTYPES = YES;
				CLANG_WARN_SUSPICIOUS_MOVE = YES;
				CLANG_WARN_UNGUARDED_AVAILABILITY = YES_AGGRESSIVE;
				CLANG_WARN_UNREACHABLE_CODE = YES;
				CLANG_WARN__DUPLICATE_METHOD_MATCH = YES;
				CODE_SIGN_IDENTITY = "iPhone Developer";
				COPY_PHASE_STRIP = NO;
				DEBUG_INFORMATION_FORMAT = "dwarf-with-dsym";
				ENABLE_NS_ASSERTIONS = NO;
				ENABLE_STRICT_OBJC_MSGSEND = YES;
				GCC_C_LANGUAGE_STANDARD = gnu11;
				GCC_NO_COMMON_BLOCKS = YES;
				GCC_WARN_64_TO_32_BIT_CONVERSION = YES;
				GCC_WARN_ABOUT_RETURN_TYPE = YES_ERROR;
				GCC_WARN_UNDECLARED_SELECTOR = YES;
				GCC_WARN_UNINITIALIZED_AUTOS = YES_AGGRESSIVE;
				GCC_WARN_UNUSED_FUNCTION = YES;
				GCC_WARN_UNUSED_VARIABLE = YES;
				IPHONEOS_DEPLOYMENT_TARGET = 11.3;
				MTL_ENABLE_DEBUG_INFO = NO;
				SDKROOT = iphoneos;
				SWIFT_COMPILATION_MODE = wholemodule;
				SWIFT_OPTIMIZATION_LEVEL = "-O";
				VALIDATE_PRODUCT = YES;
			};
			name = Release;
		};
		CEF98D5A2081AD6700BF1448 /* Debug */ = {
			isa = XCBuildConfiguration;
			baseConfigurationReference = 9C8A130EFA3247EE35079B94 /* Pods-SingaporePower.debug.xcconfig */;
			buildSettings = {
				ASSETCATALOG_COMPILER_APPICON_NAME = AppIcon;
				CODE_SIGN_STYLE = Automatic;
				DEFINES_MODULE = YES;
				DEVELOPMENT_TEAM = 6C4569BGYW;
				INFOPLIST_FILE = SingaporePower/Info.plist;
				LD_RUNPATH_SEARCH_PATHS = (
					"$(inherited)",
					"@executable_path/Frameworks",
				);
				PRODUCT_BUNDLE_IDENTIFIER = VK.SingaporePower;
				PRODUCT_NAME = "$(TARGET_NAME)";
				SWIFT_VERSION = 4.0;
				TARGETED_DEVICE_FAMILY = "1,2";
			};
			name = Debug;
		};
		CEF98D5B2081AD6700BF1448 /* Release */ = {
			isa = XCBuildConfiguration;
			baseConfigurationReference = 7FCC96D0BB2F71B2B6BDE109 /* Pods-SingaporePower.release.xcconfig */;
			buildSettings = {
				ASSETCATALOG_COMPILER_APPICON_NAME = AppIcon;
				CODE_SIGN_STYLE = Automatic;
				DEFINES_MODULE = YES;
				DEVELOPMENT_TEAM = 6C4569BGYW;
				INFOPLIST_FILE = SingaporePower/Info.plist;
				LD_RUNPATH_SEARCH_PATHS = (
					"$(inherited)",
					"@executable_path/Frameworks",
				);
				PRODUCT_BUNDLE_IDENTIFIER = VK.SingaporePower;
				PRODUCT_NAME = "$(TARGET_NAME)";
				SWIFT_VERSION = 4.0;
				TARGETED_DEVICE_FAMILY = "1,2";
			};
			name = Release;
		};
/* End XCBuildConfiguration section */

/* Begin XCConfigurationList section */
		CEF882B1208272DD00DAAC2D /* Build configuration list for PBXNativeTarget "SingaporePowerUITests" */ = {
			isa = XCConfigurationList;
			buildConfigurations = (
				CEF882B2208272DD00DAAC2D /* Debug */,
				CEF882B3208272DD00DAAC2D /* Release */,
			);
			defaultConfigurationIsVisible = 0;
			defaultConfigurationName = Release;
		};
		CEF882BF208272E500DAAC2D /* Build configuration list for PBXNativeTarget "SingaporePowerTests" */ = {
			isa = XCConfigurationList;
			buildConfigurations = (
				CEF882C0208272E500DAAC2D /* Debug */,
				CEF882C1208272E500DAAC2D /* Release */,
			);
			defaultConfigurationIsVisible = 0;
			defaultConfigurationName = Release;
		};
		CEF98D422081AD6500BF1448 /* Build configuration list for PBXProject "SingaporePower" */ = {
			isa = XCConfigurationList;
			buildConfigurations = (
				CEF98D572081AD6700BF1448 /* Debug */,
				CEF98D582081AD6700BF1448 /* Release */,
			);
			defaultConfigurationIsVisible = 0;
			defaultConfigurationName = Release;
		};
		CEF98D592081AD6700BF1448 /* Build configuration list for PBXNativeTarget "SingaporePower" */ = {
			isa = XCConfigurationList;
			buildConfigurations = (
				CEF98D5A2081AD6700BF1448 /* Debug */,
				CEF98D5B2081AD6700BF1448 /* Release */,
			);
			defaultConfigurationIsVisible = 0;
			defaultConfigurationName = Release;
		};
/* End XCConfigurationList section */
	};
	rootObject = CEF98D3F2081AD6500BF1448 /* Project object */;
}
